
Microsoft Visual Studio Solution File, Format Version 12.00
# Visual Studio Version 16
VisualStudioVersion = 16.0.30907.101
MinimumVisualStudioVersion = 10.0.40219.1
Project("{FAE04EC0-301F-11D3-BF4B-00C04F79EFBC}") = "AssignmentSite", "AssignmentSite.csproj", "{F2EBA7C0-08CB-470A-BEAA-2FCA2E3FFC70}"
EndProject
Project("{FAE04EC0-301F-11D3-BF4B-00C04F79EFBC}") = "externalWS", "..\externalWS\externalWS.csproj", "{53FB8A2D-371B-48E8-A7B7-2854F678F8F6}"
EndProject
Global
	GlobalSection(SolutionConfigurationPlatforms) = preSolution
		Debug|Any CPU = Debug|Any CPU
		Release|Any CPU = Release|Any CPU
	EndGlobalSection
	GlobalSection(ProjectConfigurationPlatforms) = postSolution
		{F2EBA7C0-08CB-470A-BEAA-2FCA2E3FFC70}.Debug|Any CPU.ActiveCfg = Debug|Any CPU
		{F2EBA7C0-08CB-470A-BEAA-2FCA2E3FFC70}.Debug|Any CPU.Build.0 = Debug|Any CPU
		{F2EBA7C0-08CB-470A-BEAA-2FCA2E3FFC70}.Release|Any CPU.ActiveCfg = Release|Any CPU
		{F2EBA7C0-08CB-470A-BEAA-2FCA2E3FFC70}.Release|Any CPU.Build.0 = Release|Any CPU
		{53FB8A2D-371B-48E8-A7B7-2854F678F8F6}.Debug|Any CPU.ActiveCfg = Debug|Any CPU
		{53FB8A2D-371B-48E8-A7B7-2854F678F8F6}.Debug|Any CPU.Build.0 = Debug|Any CPU
		{53FB8A2D-371B-48E8-A7B7-2854F678F8F6}.Release|Any CPU.ActiveCfg = Release|Any CPU
		{53FB8A2D-371B-48E8-A7B7-2854F678F8F6}.Release|Any CPU.Build.0 = Release|Any CPU
	EndGlobalSection
	GlobalSection(SolutionProperties) = preSolution
		HideSolutionNode = FALSE
	EndGlobalSection
	GlobalSection(ExtensibilityGlobals) = postSolution
		SolutionGuid = {96140430-C31E-4BE8-8D88-9755671F6299}
	EndGlobalSection
EndGlobal
